Microsoft Visual Studio Solution File, Format Version 12.00
# Visual Studio Version 17
VisualStudioVersion = 17.5.2.0
MinimumVisualStudioVersion = 10.0.40219.1
Project("{FAE04EC0-301F-11D3-BF4B-00C04F79EFBC}") = "KlinikYonetimSistemi.Web", "KlinikYonetimSistemi.Web.csproj", "{BBE484AD-6D31-9031-19AE-3E93393D2C3B}"
EndProject
Global
	GlobalSection(SolutionConfigurationPlatforms) = preSolution
		Debug|Any CPU = Debug|Any CPU
		Release|Any CPU = Release|Any CPU
	EndGlobalSection
	GlobalSection(ProjectConfigurationPlatforms) = postSolution
		{BBE484AD-6D31-9031-19AE-3E93393D2C3B}.Debug|Any CPU.ActiveCfg = Debug|Any CPU
		{BBE484AD-6D31-9031-19AE-3E93393D2C3B}.Debug|Any CPU.Build.0 = Debug|Any CPU
		{BBE484AD-6D31-9031-19AE-3E93393D2C3B}.Release|Any CPU.ActiveCfg = Release|Any CPU
		{BBE484AD-6D31-9031-19AE-3E93393D2C3B}.Release|Any CPU.Build.0 = Release|Any CPU
	EndGlobalSection
	GlobalSection(SolutionProperties) = preSolution
		HideSolutionNode = FALSE
	EndGlobalSection
	GlobalSection(ExtensibilityGlobals) = postSolution
		SolutionGuid = {5C99437B-BCF7-489C-888B-319B49AFA20A}
	EndGlobalSection
EndGlobal
